
Microsoft Visual Studio Solution File, Format Version 12.00
# Visual Studio 15
Project("{FAE04EC0-301F-11D3-BF4B-00C04F79EFBC}") = "Assembly-CSharp", "Assembly-CSharp.csproj", "{A11D40D1-3D6E-7465-4A3F-44D65AA1E8BC}"
EndProject
Global
	GlobalSection(SolutionConfigurationPlatforms) = preSolution
		Debug|Any CPU = Debug|Any CPU
		Release|Any CPU = Release|Any CPU
	EndGlobalSection
	GlobalSection(ProjectConfigurationPlatforms) = postSolution
		{A11D40D1-3D6E-7465-4A3F-44D65AA1E8BC}.Debug|Any CPU.ActiveCfg = Debug|Any CPU
		{A11D40D1-3D6E-7465-4A3F-44D65AA1E8BC}.Debug|Any CPU.Build.0 = Debug|Any CPU
		{A11D40D1-3D6E-7465-4A3F-44D65AA1E8BC}.Release|Any CPU.ActiveCfg = Release|Any CPU
		{A11D40D1-3D6E-7465-4A3F-44D65AA1E8BC}.Release|Any CPU.Build.0 = Release|Any CPU
	EndGlobalSection
	GlobalSection(SolutionProperties) = preSolution
		HideSolutionNode = FALSE
	EndGlobalSection
EndGlobal
